
Microsoft Visual Studio Solution File, Format Version 12.00
Project("{FAE04EC0-301F-11D3-BF4B-00C04F79EFBC}") = "JustDockIt", "JustDockIt\JustDockIt.csproj", "{532DD299-8A0D-4A94-8C2C-E17C6540A4A1}"
EndProject
Global
	GlobalSection(SolutionConfigurationPlatforms) = preSolution
		Debug|Any CPU = Debug|Any CPU
		Release|Any CPU = Release|Any CPU
	EndGlobalSection
	GlobalSection(ProjectConfigurationPlatforms) = postSolution
		{532DD299-8A0D-4A94-8C2C-E17C6540A4A1}.Release|Any CPU.ActiveCfg = Release|x64
		{532DD299-8A0D-4A94-8C2C-E17C6540A4A1}.Release|Any CPU.Build.0 = Release|x64
		{532DD299-8A0D-4A94-8C2C-E17C6540A4A1}.Debug|Any CPU.ActiveCfg = Release|x64
	EndGlobalSection
EndGlobal
